Microsoft Visual Studio Solution File, Format Version 11.00
# Visual Studio 2008

Project("{65E7BD54-906C-E499-F8F3-05584649A59F}") = "BerlinClock", "Assembly-CSharp.csproj", "{A0169AC8-BBCF-BD52-B780-6C90E2D3B415}"
EndProject
Project("{65E7BD54-906C-E499-F8F3-05584649A59F}") = "BerlinClock", "Assembly-CSharp-Editor.csproj", "{333788D0-3664-5CE3-2CFD-E7D559693969}"
EndProject
Global
	GlobalSection(SolutionConfigurationPlatforms) = preSolution
		Debug|Any CPU = Debug|Any CPU
		Release|Any CPU = Release|Any CPU
	EndGlobalSection
	GlobalSection(ProjectConfigurationPlatforms) = postSolution
		{A0169AC8-BBCF-BD52-B780-6C90E2D3B415}.Debug|Any CPU.ActiveCfg = Debug|Any CPU
		{A0169AC8-BBCF-BD52-B780-6C90E2D3B415}.Debug|Any CPU.Build.0 = Debug|Any CPU
		{A0169AC8-BBCF-BD52-B780-6C90E2D3B415}.Release|Any CPU.ActiveCfg = Release|Any CPU
		{A0169AC8-BBCF-BD52-B780-6C90E2D3B415}.Release|Any CPU.Build.0 = Release|Any CPU
		{333788D0-3664-5CE3-2CFD-E7D559693969}.Debug|Any CPU.ActiveCfg = Debug|Any CPU
		{333788D0-3664-5CE3-2CFD-E7D559693969}.Debug|Any CPU.Build.0 = Debug|Any CPU
		{333788D0-3664-5CE3-2CFD-E7D559693969}.Release|Any CPU.ActiveCfg = Release|Any CPU
		{333788D0-3664-5CE3-2CFD-E7D559693969}.Release|Any CPU.Build.0 = Release|Any CPU
	EndGlobalSection
	GlobalSection(SolutionProperties) = preSolution
		HideSolutionNode = FALSE
	EndGlobalSection
												GlobalSection(MonoDevelopProperties) = preSolution
		StartupItem = Assembly-CSharp.csproj
		Policies = $0
		$0.TextStylePolicy = $1
		$1.inheritsSet = null
		$1.scope = text/x-csharp
		$0.CSharpFormattingPolicy = $2
		$2.inheritsSet = Mono
		$2.inheritsScope = text/x-csharp
		$2.scope = text/x-csharp
		$0.TextStylePolicy = $3
		$3.FileWidth = 120
		$3.TabWidth = 4
		$3.EolMarker = Unix
		$3.inheritsSet = Mono
		$3.inheritsScope = text/plain
		$3.scope = text/plain
	EndGlobalSection

EndGlobal
